
Microsoft Visual Studio Solution File, Format Version 12.00
# Visual Studio Version 17
VisualStudioVersion = 17.6.33829.357
MinimumVisualStudioVersion = 10.0.40219.1
Project("{FAE04EC0-301F-11D3-BF4B-00C04F79EFBC}") = "AirPiService", "AirPiService.csproj", "{6CD567F0-6526-4ABD-BFFC-00E2A7323CBD}"
EndProject
Global
	GlobalSection(SolutionConfigurationPlatforms) = preSolution
		Debug|Any CPU = Debug|Any CPU
		Release|Any CPU = Release|Any CPU
	EndGlobalSection
	GlobalSection(ProjectConfigurationPlatforms) = postSolution
		{6CD567F0-6526-4ABD-BFFC-00E2A7323CBD}.Debug|Any CPU.ActiveCfg = Debug|Any CPU
		{6CD567F0-6526-4ABD-BFFC-00E2A7323CBD}.Debug|Any CPU.Build.0 = Debug|Any CPU
		{6CD567F0-6526-4ABD-BFFC-00E2A7323CBD}.Release|Any CPU.ActiveCfg = Release|Any CPU
		{6CD567F0-6526-4ABD-BFFC-00E2A7323CBD}.Release|Any CPU.Build.0 = Release|Any CPU
	EndGlobalSection
	GlobalSection(SolutionProperties) = preSolution
		HideSolutionNode = FALSE
	EndGlobalSection
	GlobalSection(ExtensibilityGlobals) = postSolution
		SolutionGuid = {47B2B272-93AD-4F46-899F-619076A76183}
	EndGlobalSection
EndGlobal
